
Microsoft Visual Studio Solution File, Format Version 12.00
# Visual Studio 2012
Project("{D954291E-2A0B-460D-934E-DC6B0785DB48}") = "EmpDirForms", "EmpDirForms\EmpDirForms.shproj", "{03CC4CBE-4A18-4D52-879F-8D9C5E89F097}"
EndProject
Project("{FAE04EC0-301F-11D3-BF4B-00C04F79EFBC}") = "EmpDirForms.iOS", "iOS\EmpDirForms.iOS.csproj", "{129460E0-AB7B-4EB1-B84C-D96EB4345D0F}"
EndProject
Project("{FAE04EC0-301F-11D3-BF4B-00C04F79EFBC}") = "EmpDirForms.Droid", "Droid\EmpDirForms.Droid.csproj", "{9768E91F-AAB1-49B4-BC16-7FA7EB9685D7}"
EndProject
Global
	GlobalSection(SolutionConfigurationPlatforms) = preSolution
		Debug|iPhoneSimulator = Debug|iPhoneSimulator
		Release|iPhone = Release|iPhone
		Release|iPhoneSimulator = Release|iPhoneSimulator
		Debug|iPhone = Debug|iPhone
		Debug|Any CPU = Debug|Any CPU
		Release|Any CPU = Release|Any CPU
	EndGlobalSection
	GlobalSection(ProjectConfigurationPlatforms) = postSolution
		{129460E0-AB7B-4EB1-B84C-D96EB4345D0F}.Debug|Any CPU.ActiveCfg = Debug|iPhoneSimulator
		{129460E0-AB7B-4EB1-B84C-D96EB4345D0F}.Debug|Any CPU.Build.0 = Debug|iPhoneSimulator
		{129460E0-AB7B-4EB1-B84C-D96EB4345D0F}.Debug|iPhone.ActiveCfg = Debug|iPhone
		{129460E0-AB7B-4EB1-B84C-D96EB4345D0F}.Debug|iPhone.Build.0 = Debug|iPhone
		{129460E0-AB7B-4EB1-B84C-D96EB4345D0F}.Debug|iPhoneSimulator.ActiveCfg = Debug|iPhoneSimulator
		{129460E0-AB7B-4EB1-B84C-D96EB4345D0F}.Debug|iPhoneSimulator.Build.0 = Debug|iPhoneSimulator
		{129460E0-AB7B-4EB1-B84C-D96EB4345D0F}.Release|Any CPU.ActiveCfg = Release|iPhone
		{129460E0-AB7B-4EB1-B84C-D96EB4345D0F}.Release|Any CPU.Build.0 = Release|iPhone
		{129460E0-AB7B-4EB1-B84C-D96EB4345D0F}.Release|iPhone.ActiveCfg = Release|iPhone
		{129460E0-AB7B-4EB1-B84C-D96EB4345D0F}.Release|iPhone.Build.0 = Release|iPhone
		{129460E0-AB7B-4EB1-B84C-D96EB4345D0F}.Release|iPhoneSimulator.ActiveCfg = Release|iPhoneSimulator
		{129460E0-AB7B-4EB1-B84C-D96EB4345D0F}.Release|iPhoneSimulator.Build.0 = Release|iPhoneSimulator
		{9768E91F-AAB1-49B4-BC16-7FA7EB9685D7}.Debug|Any CPU.ActiveCfg = Debug|Any CPU
		{9768E91F-AAB1-49B4-BC16-7FA7EB9685D7}.Debug|Any CPU.Build.0 = Debug|Any CPU
		{9768E91F-AAB1-49B4-BC16-7FA7EB9685D7}.Debug|iPhone.ActiveCfg = Debug|Any CPU
		{9768E91F-AAB1-49B4-BC16-7FA7EB9685D7}.Debug|iPhone.Build.0 = Debug|Any CPU
		{9768E91F-AAB1-49B4-BC16-7FA7EB9685D7}.Debug|iPhoneSimulator.ActiveCfg = Debug|Any CPU
		{9768E91F-AAB1-49B4-BC16-7FA7EB9685D7}.Debug|iPhoneSimulator.Build.0 = Debug|Any CPU
		{9768E91F-AAB1-49B4-BC16-7FA7EB9685D7}.Release|Any CPU.ActiveCfg = Release|Any CPU
		{9768E91F-AAB1-49B4-BC16-7FA7EB9685D7}.Release|Any CPU.Build.0 = Release|Any CPU
		{9768E91F-AAB1-49B4-BC16-7FA7EB9685D7}.Release|iPhone.ActiveCfg = Release|Any CPU
		{9768E91F-AAB1-49B4-BC16-7FA7EB9685D7}.Release|iPhone.Build.0 = Release|Any CPU
		{9768E91F-AAB1-49B4-BC16-7FA7EB9685D7}.Release|iPhoneSimulator.ActiveCfg = Release|Any CPU
		{9768E91F-AAB1-49B4-BC16-7FA7EB9685D7}.Release|iPhoneSimulator.Build.0 = Release|Any CPU
	EndGlobalSection
EndGlobal
